
Microsoft Visual Studio Solution File, Format Version 12.00
# Visual Studio Version 17
VisualStudioVersion = 17.10.35013.160
MinimumVisualStudioVersion = 10.0.40219.1
Project("{FAE04EC0-301F-11D3-BF4B-00C04F79EFBC}") = "Demo", "Demo\Demo.csproj", "{9BFDC787-9788-47B5-A45C-3315E1DBFE13}"
EndProject
Global
	GlobalSection(SolutionConfigurationPlatforms) = preSolution
		Debug|Any CPU = Debug|Any CPU
		Release|Any CPU = Release|Any CPU
	EndGlobalSection
	GlobalSection(ProjectConfigurationPlatforms) = postSolution
		{9BFDC787-9788-47B5-A45C-3315E1DBFE13}.Debug|Any CPU.ActiveCfg = Debug|Any CPU
		{9BFDC787-9788-47B5-A45C-3315E1DBFE13}.Debug|Any CPU.Build.0 = Debug|Any CPU
		{9BFDC787-9788-47B5-A45C-3315E1DBFE13}.Release|Any CPU.ActiveCfg = Release|Any CPU
		{9BFDC787-9788-47B5-A45C-3315E1DBFE13}.Release|Any CPU.Build.0 = Release|Any CPU
	EndGlobalSection
	GlobalSection(SolutionProperties) = preSolution
		HideSolutionNode = FALSE
	EndGlobalSection
	GlobalSection(ExtensibilityGlobals) = postSolution
		SolutionGuid = {617AF369-4B85-4892-948F-57BC29BDC661}
	EndGlobalSection
EndGlobal
